
Microsoft Visual Studio Solution File, Format Version 12.00
# Visual Studio Version 17
VisualStudioVersion = 17.5.002.0
MinimumVisualStudioVersion = 10.0.40219.1
Project("{9A19103F-16F7-4668-BE54-9A1E7A4F7556}") = "semana-13 Persistência com Entity Framework e SQLite", "semana-13 Persistência com Entity Framework e SQLite.csproj", "{FD27A265-8266-4B03-8F2C-5B8E71FD2C4A}"
EndProject
Global
	GlobalSection(SolutionConfigurationPlatforms) = preSolution
		Debug|Any CPU = Debug|Any CPU
		Release|Any CPU = Release|Any CPU
	EndGlobalSection
	GlobalSection(ProjectConfigurationPlatforms) = postSolution
		{FD27A265-8266-4B03-8F2C-5B8E71FD2C4A}.Debug|Any CPU.ActiveCfg = Debug|Any CPU
		{FD27A265-8266-4B03-8F2C-5B8E71FD2C4A}.Debug|Any CPU.Build.0 = Debug|Any CPU
		{FD27A265-8266-4B03-8F2C-5B8E71FD2C4A}.Release|Any CPU.ActiveCfg = Release|Any CPU
		{FD27A265-8266-4B03-8F2C-5B8E71FD2C4A}.Release|Any CPU.Build.0 = Release|Any CPU
	EndGlobalSection
	GlobalSection(SolutionProperties) = preSolution
		HideSolutionNode = FALSE
	EndGlobalSection
	GlobalSection(ExtensibilityGlobals) = postSolution
		SolutionGuid = {C8EE5F96-586A-44FA-B002-348201FE47C7}
	EndGlobalSection
EndGlobal
